# This file is generated by running "yarn install" inside your project.
# Manual changes might be lost - proceed with caution!

__metadata:
  version: 4

"@types/lodash@npm:^4.14.149":
  version: 4.14.149
  resolution: "@types/lodash@npm:4.14.149"
  checksum: 2/f5b8837c776d471755f8d48536933031e5753da4277d1e5a0ebd46caf392adc2a298eeb2812f2da8d1801fa1c666c9112207204e73e06c11bdcf1bf179f304fa
  languageName: node
  linkType: hard

"@types/node@npm:^13.9.1":
  version: 13.9.1
  resolution: "@types/node@npm:13.9.1"
  checksum: 2/578d73f0128266e9fe1a0ba0017ef37196b9c8e5ecd66f8b99c22ccc7b02591b76454dbd61e420983f5b347103c8f31d8bc4f313f03c47dd6e8e70ce997ff2fc
  languageName: node
  linkType: hard

"advent-of-code-2019@workspace:.":
  version: 0.0.0-use.local
  resolution: "advent-of-code-2019@workspace:."
  dependencies:
    "@types/lodash": ^4.14.149
    "@types/node": ^13.9.1
    lodash: ^4.17.15
    ts-node: ^8.6.2
    typescript: ^3.8.3
  languageName: unknown
  linkType: soft

"arg@npm:^4.1.0":
  version: 4.1.2
  resolution: "arg@npm:4.1.2"
  checksum: 2/ddf229977e545d365d76c37f05eb789175f201386c3e7b69d1cb8974df2cd8ada452c4382d5012ab638792ffb6de22337359c82f013cfb450113731d593c4535
  languageName: node
  linkType: hard

"buffer-from@npm:^1.0.0":
  version: 1.1.1
  resolution: "buffer-from@npm:1.1.1"
  checksum: 2/540ceb79c4f5bfcadaabbc18324fa84c50dc52905084be7c03596a339cf5a88513bee6831ce9b36ddd046fab09257a7c80686e129d0559a0cfd141da196ad956
  languageName: node
  linkType: hard

"diff@npm:^4.0.1":
  version: 4.0.1
  resolution: "diff@npm:4.0.1"
  checksum: 2/be1bfedaf78c74b069f65c4c396453eedc477d1dc9d3cf0b3d7ac10ddfb788c1abc91589bd7a4b026009bfccfbdae05be87b0b169896c08c25a5b933ed4ed53c
  languageName: node
  linkType: hard

"lodash@npm:^4.17.15":
  version: 4.17.15
  resolution: "lodash@npm:4.17.15"
  checksum: 2/aec3fbb7570aa67bda500b8299b1b1821d60646bede87f76a74dfcc7666ab3445267d734ec71424d70809d52ad67a1356fab5ab694a3faa1908d68e9d48f00f5
  languageName: node
  linkType: hard

"make-error@npm:^1.1.1":
  version: 1.3.5
  resolution: "make-error@npm:1.3.5"
  checksum: 2/530d7ccced6bf36a74e86d72873fd7f7b0bf31175c075de6bf711aa13944dd1350e59df22761e7b5a651897d21ac9caa5908f786f477427553b05fd083c5bd57
  languageName: node
  linkType: hard

"source-map-support@npm:^0.5.6":
  version: 0.5.16
  resolution: "source-map-support@npm:0.5.16"
  dependencies:
    buffer-from: ^1.0.0
    source-map: ^0.6.0
  checksum: 2/cf44ce8b694a32bc63f686826bc7e254e5025d4c7eeb4f0c76f61c828cd81067f0df88c0414c50db728dc3d207fb032d7c50c3b419286330332ddbdd4d2689d7
  languageName: node
  linkType: hard

"source-map@npm:^0.6.0":
  version: 0.6.1
  resolution: "source-map@npm:0.6.1"
  checksum: 2/8647829a0611724114022be455ca1c8a2c8ae61df81c5b3667d9b398207226a1e21174fb7bbf0b4dbeb27ac358222afb5a14f1c74a62a62b8883b012e5eb1270
  languageName: node
  linkType: hard

"ts-node@npm:^8.6.2":
  version: 8.7.0
  resolution: "ts-node@npm:8.7.0"
  dependencies:
    arg: ^4.1.0
    diff: ^4.0.1
    make-error: ^1.1.1
    source-map-support: ^0.5.6
    yn: 3.1.1
  peerDependencies:
    typescript: ">=2.7"
  bin:
    ts-node: dist/bin.js
    ts-node-script: dist/bin-script.js
    ts-node-transpile-only: dist/bin-transpile.js
    ts-script: dist/bin-script-deprecated.js
  checksum: 2/3d8a83efbd18bca2520b59dadc8cb07b7f40b4d2c61230b5ce352a2d3fcb5fdb2639929d1ff50afce4faf7972d79fc49d954b7372be14d1894151ee7b8f11e53
  languageName: node
  linkType: hard

typescript@^3.8.3:
  version: 3.8.3
  resolution: "typescript@npm:3.8.3"
  bin:
    tsc: bin/tsc
    tsserver: bin/tsserver
  checksum: 2/519b11576247fe3570d89a2aa757d8f666aafc0cb9465a6cdd4df09c1dc6bf7285f0c6008d2ac7a55ea26457e767aaab819f58439d80af2cce1d9805b2be1034
  languageName: node
  linkType: hard

"typescript@patch:typescript@^3.8.3#builtin<compat/typescript>":
  version: 3.8.3
  resolution: "typescript@patch:typescript@npm%3A3.8.3#builtin<compat/typescript>::version=3.8.3&hash=270b6c"
  bin:
    tsc: bin/tsc
    tsserver: bin/tsserver
  checksum: 2/2950b292ac700898647d49ca5f07fa546f6c3d28983ba559c5b4fa360babdc1734493b7f5f72553735eaa401c850989d7bbbd70f739df3c0b7fc83c82e37d8a5
  languageName: node
  linkType: hard

"yn@npm:3.1.1":
  version: 3.1.1
  resolution: "yn@npm:3.1.1"
  checksum: 2/bff63b80568d80c711670935427494dde47cdf97e8b04196b140ce0af519c81c5ee857eddad0caa8b422dd65aea0157bbfaacbb1546bebba623f0f383d5d9ae5
  languageName: node
  linkType: hard
